
Microsoft Visual Studio Solution File, Format Version 12.00
# Visual Studio Version 17
VisualStudioVersion = 17.11.35222.181
MinimumVisualStudioVersion = 10.0.40219.1
Project("{8BC9CEB8-8B4A-11D0-8D11-00A0C91BC942}") = "DataStructures", "DataStructures.vcxproj", "{6D57760A-D3B2-463C-950D-2C1DABF2B4FA}"
EndProject
Project("{8BC9CEB8-8B4A-11D0-8D11-00A0C91BC942}") = "q2", "..\q2\q2.vcxproj", "{A4A5CF7B-DA61-4217-A582-58EAA5507F8D}"
EndProject
Global
	GlobalSection(SolutionConfigurationPlatforms) = preSolution
		Debug|x64 = Debug|x64
		Debug|x86 = Debug|x86
		Release|x64 = Release|x64
		Release|x86 = Release|x86
	EndGlobalSection
	GlobalSection(ProjectConfigurationPlatforms) = postSolution
		{6D57760A-D3B2-463C-950D-2C1DABF2B4FA}.Debug|x64.ActiveCfg = Debug|x64
		{6D57760A-D3B2-463C-950D-2C1DABF2B4FA}.Debug|x64.Build.0 = Debug|x64
		{6D57760A-D3B2-463C-950D-2C1DABF2B4FA}.Debug|x86.ActiveCfg = Debug|Win32
		{6D57760A-D3B2-463C-950D-2C1DABF2B4FA}.Debug|x86.Build.0 = Debug|Win32
		{6D57760A-D3B2-463C-950D-2C1DABF2B4FA}.Release|x64.ActiveCfg = Release|x64
		{6D57760A-D3B2-463C-950D-2C1DABF2B4FA}.Release|x64.Build.0 = Release|x64
		{6D57760A-D3B2-463C-950D-2C1DABF2B4FA}.Release|x86.ActiveCfg = Release|Win32
		{6D57760A-D3B2-463C-950D-2C1DABF2B4FA}.Release|x86.Build.0 = Release|Win32
		{A4A5CF7B-DA61-4217-A582-58EAA5507F8D}.Debug|x64.ActiveCfg = Debug|x64
		{A4A5CF7B-DA61-4217-A582-58EAA5507F8D}.Debug|x64.Build.0 = Debug|x64
		{A4A5CF7B-DA61-4217-A582-58EAA5507F8D}.Debug|x86.ActiveCfg = Debug|Win32
		{A4A5CF7B-DA61-4217-A582-58EAA5507F8D}.Debug|x86.Build.0 = Debug|Win32
		{A4A5CF7B-DA61-4217-A582-58EAA5507F8D}.Release|x64.ActiveCfg = Release|x64
		{A4A5CF7B-DA61-4217-A582-58EAA5507F8D}.Release|x64.Build.0 = Release|x64
		{A4A5CF7B-DA61-4217-A582-58EAA5507F8D}.Release|x86.ActiveCfg = Release|Win32
		{A4A5CF7B-DA61-4217-A582-58EAA5507F8D}.Release|x86.Build.0 = Release|Win32
	EndGlobalSection
	GlobalSection(SolutionProperties) = preSolution
		HideSolutionNode = FALSE
	EndGlobalSection
	GlobalSection(ExtensibilityGlobals) = postSolution
		SolutionGuid = {1CE31B6F-CAD8-420F-9A30-2B9AC72E697F}
	EndGlobalSection
EndGlobal
